
Microsoft Visual Studio Solution File, Format Version 12.00
# Visual Studio Version 17
VisualStudioVersion = 17.1.32421.90
MinimumVisualStudioVersion = 10.0.40219.1
Project("{FAE04EC0-301F-11D3-BF4B-00C04F79EFBC}") = "BancoBank.SistemaAgencia", "BancoBank.SistemaAgencia\BancoBank.SistemaAgencia.csproj", "{C2E929E5-2D25-4C84-AD71-04644C863324}"
EndProject
Project("{FAE04EC0-301F-11D3-BF4B-00C04F79EFBC}") = "BancoBank.Models", "BancoBank.Models\BancoBank.Models.csproj", "{56D623FC-AC84-4FD5-8D7B-7C51B6004AE7}"
EndProject
Global
	GlobalSection(SolutionConfigurationPlatforms) = preSolution
		Debug|Any CPU = Debug|Any CPU
		Release|Any CPU = Release|Any CPU
	EndGlobalSection
	GlobalSection(ProjectConfigurationPlatforms) = postSolution
		{C2E929E5-2D25-4C84-AD71-04644C863324}.Debug|Any CPU.ActiveCfg = Debug|Any CPU
		{C2E929E5-2D25-4C84-AD71-04644C863324}.Debug|Any CPU.Build.0 = Debug|Any CPU
		{C2E929E5-2D25-4C84-AD71-04644C863324}.Release|Any CPU.ActiveCfg = Release|Any CPU
		{C2E929E5-2D25-4C84-AD71-04644C863324}.Release|Any CPU.Build.0 = Release|Any CPU
		{56D623FC-AC84-4FD5-8D7B-7C51B6004AE7}.Debug|Any CPU.ActiveCfg = Debug|Any CPU
		{56D623FC-AC84-4FD5-8D7B-7C51B6004AE7}.Debug|Any CPU.Build.0 = Debug|Any CPU
		{56D623FC-AC84-4FD5-8D7B-7C51B6004AE7}.Release|Any CPU.ActiveCfg = Release|Any CPU
		{56D623FC-AC84-4FD5-8D7B-7C51B6004AE7}.Release|Any CPU.Build.0 = Release|Any CPU
	EndGlobalSection
	GlobalSection(SolutionProperties) = preSolution
		HideSolutionNode = FALSE
	EndGlobalSection
	GlobalSection(ExtensibilityGlobals) = postSolution
		SolutionGuid = {E1C695F5-FC2F-43AC-8BD3-50E11A366D60}
	EndGlobalSection
EndGlobal
